
Microsoft Visual Studio Solution File, Format Version 12.00
# Visual Studio Version 17
VisualStudioVersion = 17.10.35027.167
MinimumVisualStudioVersion = 10.0.40219.1
Project("{9A19103F-16F7-4668-BE54-9A1E7A4F7556}") = "ChallengeBACS", "ChallengeBACS\ChallengeBACS.csproj", "{9728F918-B544-41DE-8B41-05F0FD5E1E96}"
EndProject
Project("{9A19103F-16F7-4668-BE54-9A1E7A4F7556}") = "Models", "Models\Models.csproj", "{62E4FF85-AA06-4E58-AB2A-B1280A965A66}"
EndProject
Project("{9A19103F-16F7-4668-BE54-9A1E7A4F7556}") = "Repository", "Repository\Repository.csproj", "{DFC8B40A-1C40-4CD6-9482-3E3928294786}"
EndProject
Project("{9A19103F-16F7-4668-BE54-9A1E7A4F7556}") = "Services", "Service\Services.csproj", "{C91F3344-27A5-49B9-939C-2D91BF082E98}"
EndProject
Project("{9A19103F-16F7-4668-BE54-9A1E7A4F7556}") = "Infrastructure", "Infrastructure\Infrastructure.csproj", "{C5EA3F59-D123-4437-BCD6-5C00BCAD67AD}"
EndProject
Global
	GlobalSection(SolutionConfigurationPlatforms) = preSolution
		Debug|Any CPU = Debug|Any CPU
		Release|Any CPU = Release|Any CPU
	EndGlobalSection
	GlobalSection(ProjectConfigurationPlatforms) = postSolution
		{9728F918-B544-41DE-8B41-05F0FD5E1E96}.Debug|Any CPU.ActiveCfg = Debug|Any CPU
		{9728F918-B544-41DE-8B41-05F0FD5E1E96}.Debug|Any CPU.Build.0 = Debug|Any CPU
		{9728F918-B544-41DE-8B41-05F0FD5E1E96}.Release|Any CPU.ActiveCfg = Release|Any CPU
		{9728F918-B544-41DE-8B41-05F0FD5E1E96}.Release|Any CPU.Build.0 = Release|Any CPU
		{62E4FF85-AA06-4E58-AB2A-B1280A965A66}.Debug|Any CPU.ActiveCfg = Debug|Any CPU
		{62E4FF85-AA06-4E58-AB2A-B1280A965A66}.Debug|Any CPU.Build.0 = Debug|Any CPU
		{62E4FF85-AA06-4E58-AB2A-B1280A965A66}.Release|Any CPU.ActiveCfg = Release|Any CPU
		{62E4FF85-AA06-4E58-AB2A-B1280A965A66}.Release|Any CPU.Build.0 = Release|Any CPU
		{DFC8B40A-1C40-4CD6-9482-3E3928294786}.Debug|Any CPU.ActiveCfg = Debug|Any CPU
		{DFC8B40A-1C40-4CD6-9482-3E3928294786}.Debug|Any CPU.Build.0 = Debug|Any CPU
		{DFC8B40A-1C40-4CD6-9482-3E3928294786}.Release|Any CPU.ActiveCfg = Release|Any CPU
		{DFC8B40A-1C40-4CD6-9482-3E3928294786}.Release|Any CPU.Build.0 = Release|Any CPU
		{C91F3344-27A5-49B9-939C-2D91BF082E98}.Debug|Any CPU.ActiveCfg = Debug|Any CPU
		{C91F3344-27A5-49B9-939C-2D91BF082E98}.Debug|Any CPU.Build.0 = Debug|Any CPU
		{C91F3344-27A5-49B9-939C-2D91BF082E98}.Release|Any CPU.ActiveCfg = Release|Any CPU
		{C91F3344-27A5-49B9-939C-2D91BF082E98}.Release|Any CPU.Build.0 = Release|Any CPU
		{C5EA3F59-D123-4437-BCD6-5C00BCAD67AD}.Debug|Any CPU.ActiveCfg = Debug|Any CPU
		{C5EA3F59-D123-4437-BCD6-5C00BCAD67AD}.Debug|Any CPU.Build.0 = Debug|Any CPU
		{C5EA3F59-D123-4437-BCD6-5C00BCAD67AD}.Release|Any CPU.ActiveCfg = Release|Any CPU
		{C5EA3F59-D123-4437-BCD6-5C00BCAD67AD}.Release|Any CPU.Build.0 = Release|Any CPU
	EndGlobalSection
	GlobalSection(SolutionProperties) = preSolution
		HideSolutionNode = FALSE
	EndGlobalSection
	GlobalSection(ExtensibilityGlobals) = postSolution
		SolutionGuid = {6E2A5E9F-89A4-4BDF-A7EB-32B920A566EC}
	EndGlobalSection
EndGlobal
